# THIS IS AN AUTOGENERATED FILE. DO NOT EDIT THIS FILE DIRECTLY.
# yarn lockfile v1


"@minecraft/server@^2.4.0":
  version "2.4.0"
  resolved "https://registry.yarnpkg.com/@minecraft/server/-/server-2.4.0.tgz#7c0237a33f26c804af73e4d275ef83d5b617ac3a"
  integrity sha512-xd9dOWQ4RhPQBCt2aui9tp/GCnjvXpi6ZHVxaUr0SPDHfh/GkMRWnyf2Ud6D3pEThp/0giOEtHY1sx2HN9Qd+A==

"@minecraft/vanilla-data@^1.21.131":
  version "1.21.131"
  resolved "https://registry.yarnpkg.com/@minecraft/vanilla-data/-/vanilla-data-1.21.131.tgz#6195c19400a2ed99c8d31c26d796469a050f69ad"
  integrity sha512-Ptw6t5mgyOODFmZxpZRRawjfhgcniGNf7kZqxV98RTAJi61tZ6wEMcI9muiWXw5yrNstYcTxJmqVjx1RaZKkxg==
